// !$*UTF8*$!
{
	archiveVersion = 1;
	classes = {
	};
	objectVersion = 50;
	objects = {

/* Begin PBXBuildFile section */
		AC2C553D74FC49BD23A61206 /* Pods_ListingIOSTests.framework in Frameworks */ = {isa = PBXBuildFile; fileRef = 4B968E39B3FD2060FC3E1717 /* Pods_ListingIOSTests.framework */; };
		BC101EFA191490A0BAA621A6 /* Pods_ListingIOS.framework in Frameworks */ = {isa = PBXBuildFile; fileRef = 8C1506969A45F77B0E7FDAAE /* Pods_ListingIOS.framework */; };
		E045BDB825BC722100A58A58 /* AppDelegate.swift in Sources */ = {isa = PBXBuildFile; fileRef = E045BDB725BC722100A58A58 /* AppDelegate.swift */; };
		E045BDBA25BC722100A58A58 /* SceneDelegate.swift in Sources */ = {isa = PBXBuildFile; fileRef = E045BDB925BC722100A58A58 /* SceneDelegate.swift */; };
		E045BDBC25BC722100A58A58 /* ViewController.swift in Sources */ = {isa = PBXBuildFile; fileRef = E045BDBB25BC722100A58A58 /* ViewController.swift */; };
		E045BDBF25BC722100A58A58 /* Main.storyboard in Resources */ = {isa = PBXBuildFile; fileRef = E045BDBD25BC722100A58A58 /* Main.storyboard */; };
		E045BDC125BC722500A58A58 /* Assets.xcassets in Resources */ = {isa = PBXBuildFile; fileRef = E045BDC025BC722500A58A58 /* Assets.xcassets */; };
		E045BDC425BC722500A58A58 /* LaunchScreen.storyboard in Resources */ = {isa = PBXBuildFile; fileRef = E045BDC225BC722500A58A58 /* LaunchScreen.storyboard */; };
		E045BDCF25BC722500A58A58 /* ListingIOSTests.swift in Sources */ = {isa = PBXBuildFile; fileRef = E045BDCE25BC722500A58A58 /* ListingIOSTests.swift */; };
		E045BDDA25BC722500A58A58 /* ListingIOSUITests.swift in Sources */ = {isa = PBXBuildFile; fileRef = E045BDD925BC722500A58A58 /* ListingIOSUITests.swift */; };
		E07E4C3525BC7D7F00118F85 /* NetworkClient.swift in Sources */ = {isa = PBXBuildFile; fileRef = E07E4C3425BC7D7F00118F85 /* NetworkClient.swift */; };
		E07E4C3E25BC81F800118F85 /* URLSessionProtocol.swift in Sources */ = {isa = PBXBuildFile; fileRef = E07E4C3D25BC81F800118F85 /* URLSessionProtocol.swift */; };
		E07E4C4325BC830300118F85 /* URLSessionNetworkClient.swift in Sources */ = {isa = PBXBuildFile; fileRef = E07E4C4225BC830300118F85 /* URLSessionNetworkClient.swift */; };
		E07E4C4825BC847100118F85 /* NetworkConstants.swift in Sources */ = {isa = PBXBuildFile; fileRef = E07E4C4725BC847100118F85 /* NetworkConstants.swift */; };
		E07E4C4D25BC86AE00118F85 /* URLRequest+AddHttpBody.swift in Sources */ = {isa = PBXBuildFile; fileRef = E07E4C4C25BC86AE00118F85 /* URLRequest+AddHttpBody.swift */; };
		E07E4C5225BC877B00118F85 /* URLSessionNetworkClient+MultiPartRequest.swift in Sources */ = {isa = PBXBuildFile; fileRef = E07E4C5125BC877B00118F85 /* URLSessionNetworkClient+MultiPartRequest.swift */; };
		E07E4C5725BC8BAE00118F85 /* URLSessionNetworkClient+NetworkClient.swift in Sources */ = {isa = PBXBuildFile; fileRef = E07E4C5625BC8BAE00118F85 /* URLSessionNetworkClient+NetworkClient.swift */; };
		E07E4C5C25BC8CE200118F85 /* Data+MimeType.swift in Sources */ = {isa = PBXBuildFile; fileRef = E07E4C5B25BC8CE200118F85 /* Data+MimeType.swift */; };
		E07E4C6125BC8D1B00118F85 /* Encodable+Encode.swift in Sources */ = {isa = PBXBuildFile; fileRef = E07E4C6025BC8D1B00118F85 /* Encodable+Encode.swift */; };
		E07E4C7225BC8DFB00118F85 /* URLSessionNetworkManager.swift in Sources */ = {isa = PBXBuildFile; fileRef = E07E4C7125BC8DFB00118F85 /* URLSessionNetworkManager.swift */; };
		E07E4C7725BC8F3B00118F85 /* URLSession+URLSessionProtocol.swift in Sources */ = {isa = PBXBuildFile; fileRef = E07E4C7625BC8F3B00118F85 /* URLSession+URLSessionProtocol.swift */; };
		E07E4C7C25BC905900118F85 /* URLSessionTask+NetworkOperation.swift in Sources */ = {isa = PBXBuildFile; fileRef = E07E4C7B25BC905900118F85 /* URLSessionTask+NetworkOperation.swift */; };
		E07E4C8125BC90D700118F85 /* NetworkError+Equatable.swift in Sources */ = {isa = PBXBuildFile; fileRef = E07E4C8025BC90D700118F85 /* NetworkError+Equatable.swift */; };
		E07E4C8625BC919100118F85 /* NetworkClientProducer.swift in Sources */ = {isa = PBXBuildFile; fileRef = E07E4C8525BC919100118F85 /* NetworkClientProducer.swift */; };
		E07E4C8E25BC929C00118F85 /* RequestPerformable.swift in Sources */ = {isa = PBXBuildFile; fileRef = E07E4C8D25BC929C00118F85 /* RequestPerformable.swift */; };
		E07E4C9725BC930B00118F85 /* RequestResult.swift in Sources */ = {isa = PBXBuildFile; fileRef = E07E4C9625BC930B00118F85 /* RequestResult.swift */; };
		E07E4C9C25BCA12900118F85 /* ResultModel.swift in Sources */ = {isa = PBXBuildFile; fileRef = E07E4C9B25BCA12900118F85 /* ResultModel.swift */; };
		E07E4CA125BCA39B00118F85 /* ImageDownloadResult.swift in Sources */ = {isa = PBXBuildFile; fileRef = E07E4CA025BCA39B00118F85 /* ImageDownloadResult.swift */; };
		E07E4CA625BCA44000118F85 /* KeyedDecodingContainer+Datatypes.swift in Sources */ = {isa = PBXBuildFile; fileRef = E07E4CA525BCA44000118F85 /* KeyedDecodingContainer+Datatypes.swift */; };
		E07E4CAB25BCA56500118F85 /* EndPoints.swift in Sources */ = {isa = PBXBuildFile; fileRef = E07E4CAA25BCA56500118F85 /* EndPoints.swift */; };
		E07E4CB325BCA81500118F85 /* ItemsListService.swift in Sources */ = {isa = PBXBuildFile; fileRef = E07E4CB225BCA81500118F85 /* ItemsListService.swift */; };
		E07E4DC525BD884700118F85 /* ItemsApiContractor.swift in Sources */ = {isa = PBXBuildFile; fileRef = E07E4DC425BD884600118F85 /* ItemsApiContractor.swift */; };
		E07E4DCA25BD888400118F85 /* ItemsNetworkManager.swift in Sources */ = {isa = PBXBuildFile; fileRef = E07E4DC925BD888400118F85 /* ItemsNetworkManager.swift */; };
		E07E4DCF25BD8B0F00118F85 /* ItemsListModel.swift in Sources */ = {isa = PBXBuildFile; fileRef = E07E4DCE25BD8B0F00118F85 /* ItemsListModel.swift */; };
		E07E4DDD25BD8E3600118F85 /* ItemsListViewModel.swift in Sources */ = {isa = PBXBuildFile; fileRef = E07E4DDC25BD8E3600118F85 /* ItemsListViewModel.swift */; };
		E07E4DE825BD965B00118F85 /* BaseViewModelProtocol.swift in Sources */ = {isa = PBXBuildFile; fileRef = E07E4DE725BD965B00118F85 /* BaseViewModelProtocol.swift */; };
		E07E4DED25BD96D000118F85 /* ViewError.swift in Sources */ = {isa = PBXBuildFile; fileRef = E07E4DEC25BD96D000118F85 /* ViewError.swift */; };
		E07E4DF225BD977E00118F85 /* ItemsListContractor.swift in Sources */ = {isa = PBXBuildFile; fileRef = E07E4DF125BD977E00118F85 /* ItemsListContractor.swift */; };
		E07E4DF725BD988600118F85 /* BaseViewModel.swift in Sources */ = {isa = PBXBuildFile; fileRef = E07E4DF625BD988600118F85 /* BaseViewModel.swift */; };
		EB5EFD7F93A70767E4D5965A /* Pods_ListingIOS_ListingIOSUITests.framework in Frameworks */ = {isa = PBXBuildFile; fileRef = 8F956B4BA912B7D3A664E807 /* Pods_ListingIOS_ListingIOSUITests.framework */; };
/* End PBXBuildFile section */

/* Begin PBXContainerItemProxy section */
		E045BDCB25BC722500A58A58 /* PBXContainerItemProxy */ = {
			isa = PBXContainerItemProxy;
			containerPortal = E045BDAC25BC722100A58A58 /* Project object */;
			proxyType = 1;
			remoteGlobalIDString = E045BDB325BC722100A58A58;
			remoteInfo = ListingIOS;
		};
		E045BDD625BC722500A58A58 /* PBXContainerItemProxy */ = {
			isa = PBXContainerItemProxy;
			containerPortal = E045BDAC25BC722100A58A58 /* Project object */;
			proxyType = 1;
			remoteGlobalIDString = E045BDB325BC722100A58A58;
			remoteInfo = ListingIOS;
		};
/* End PBXContainerItemProxy section */

/* Begin PBXFileReference section */
		08351CABEB7D1D27C26DA83D /* Pods-ListingIOS.debug.xcconfig */ = {isa = PBXFileReference; includeInIndex = 1; lastKnownFileType = text.xcconfig; name = "Pods-ListingIOS.debug.xcconfig"; path = "Target Support Files/Pods-ListingIOS/Pods-ListingIOS.debug.xcconfig"; sourceTree = "<group>"; };
		11314522B960A9CC63E0B23D /* Pods-ListingIOSTests.debug.xcconfig */ = {isa = PBXFileReference; includeInIndex = 1; lastKnownFileType = text.xcconfig; name = "Pods-ListingIOSTests.debug.xcconfig"; path = "Target Support Files/Pods-ListingIOSTests/Pods-ListingIOSTests.debug.xcconfig"; sourceTree = "<group>"; };
		3B2E4EB53231344F7BE880EF /* Pods-ListingIOS.release.xcconfig */ = {isa = PBXFileReference; includeInIndex = 1; lastKnownFileType = text.xcconfig; name = "Pods-ListingIOS.release.xcconfig"; path = "Target Support Files/Pods-ListingIOS/Pods-ListingIOS.release.xcconfig"; sourceTree = "<group>"; };
		4B968E39B3FD2060FC3E1717 /* Pods_ListingIOSTests.framework */ = {isa = PBXFileReference; explicitFileType = wrapper.framework; includeInIndex = 0; path = Pods_ListingIOSTests.framework; sourceTree = BUILT_PRODUCTS_DIR; };
		82C80FD6F2D446FDBD7AECDB /* Pods-ListingIOS-ListingIOSUITests.debug.xcconfig */ = {isa = PBXFileReference; includeInIndex = 1; lastKnownFileType = text.xcconfig; name = "Pods-ListingIOS-ListingIOSUITests.debug.xcconfig"; path = "Target Support Files/Pods-ListingIOS-ListingIOSUITests/Pods-ListingIOS-ListingIOSUITests.debug.xcconfig"; sourceTree = "<group>"; };
		8C1506969A45F77B0E7FDAAE /* Pods_ListingIOS.framework */ = {isa = PBXFileReference; explicitFileType = wrapper.framework; includeInIndex = 0; path = Pods_ListingIOS.framework; sourceTree = BUILT_PRODUCTS_DIR; };
		8F956B4BA912B7D3A664E807 /* Pods_ListingIOS_ListingIOSUITests.framework */ = {isa = PBXFileReference; explicitFileType = wrapper.framework; includeInIndex = 0; path = Pods_ListingIOS_ListingIOSUITests.framework; sourceTree = BUILT_PRODUCTS_DIR; };
		CED069B8630AD828C850F435 /* Pods-ListingIOSTests.release.xcconfig */ = {isa = PBXFileReference; includeInIndex = 1; lastKnownFileType = text.xcconfig; name = "Pods-ListingIOSTests.release.xcconfig"; path = "Target Support Files/Pods-ListingIOSTests/Pods-ListingIOSTests.release.xcconfig"; sourceTree = "<group>"; };
		E045BDB425BC722100A58A58 /* ListingIOS.app */ = {isa = PBXFileReference; explicitFileType = wrapper.application; includeInIndex = 0; path = ListingIOS.app; sourceTree = BUILT_PRODUCTS_DIR; };
		E045BDB725BC722100A58A58 /* AppDelegate.swift */ = {isa = PBXFileReference; lastKnownFileType = sourcecode.swift; path = AppDelegate.swift; sourceTree = "<group>"; };
		E045BDB925BC722100A58A58 /* SceneDelegate.swift */ = {isa = PBXFileReference; lastKnownFileType = sourcecode.swift; path = SceneDelegate.swift; sourceTree = "<group>"; };
		E045BDBB25BC722100A58A58 /* ViewController.swift */ = {isa = PBXFileReference; lastKnownFileType = sourcecode.swift; path = ViewController.swift; sourceTree = "<group>"; };
		E045BDBE25BC722100A58A58 /* Base */ = {isa = PBXFileReference; lastKnownFileType = file.storyboard; name = Base; path = Base.lproj/Main.storyboard; sourceTree = "<group>"; };
		E045BDC025BC722500A58A58 /* Assets.xcassets */ = {isa = PBXFileReference; lastKnownFileType = folder.assetcatalog; path = Assets.xcassets; sourceTree = "<group>"; };
		E045BDC325BC722500A58A58 /* Base */ = {isa = PBXFileReference; lastKnownFileType = file.storyboard; name = Base; path = Base.lproj/LaunchScreen.storyboard; sourceTree = "<group>"; };
		E045BDC525BC722500A58A58 /* Info.plist */ = {isa = PBXFileReference; lastKnownFileType = text.plist.xml; path = Info.plist; sourceTree = "<group>"; };
		E045BDCA25BC722500A58A58 /* ListingIOSTests.xctest */ = {isa = PBXFileReference; explicitFileType = wrapper.cfbundle; includeInIndex = 0; path = ListingIOSTests.xctest; sourceTree = BUILT_PRODUCTS_DIR; };
		E045BDCE25BC722500A58A58 /* ListingIOSTests.swift */ = {isa = PBXFileReference; lastKnownFileType = sourcecode.swift; path = ListingIOSTests.swift; sourceTree = "<group>"; };
		E045BDD025BC722500A58A58 /* Info.plist */ = {isa = PBXFileReference; lastKnownFileType = text.plist.xml; path = Info.plist; sourceTree = "<group>"; };
		E045BDD525BC722500A58A58 /* ListingIOSUITests.xctest */ = {isa = PBXFileReference; explicitFileType = wrapper.cfbundle; includeInIndex = 0; path = ListingIOSUITests.xctest; sourceTree = BUILT_PRODUCTS_DIR; };
		E045BDD925BC722500A58A58 /* ListingIOSUITests.swift */ = {isa = PBXFileReference; lastKnownFileType = sourcecode.swift; path = ListingIOSUITests.swift; sourceTree = "<group>"; };
		E045BDDB25BC722500A58A58 /* Info.plist */ = {isa = PBXFileReference; lastKnownFileType = text.plist.xml; path = Info.plist; sourceTree = "<group>"; };
		E07E4C3425BC7D7F00118F85 /* NetworkClient.swift */ = {isa = PBXFileReference; lastKnownFileType = sourcecode.swift; path = NetworkClient.swift; sourceTree = "<group>"; };
		E07E4C3D25BC81F800118F85 /* URLSessionProtocol.swift */ = {isa = PBXFileReference; lastKnownFileType = sourcecode.swift; path = URLSessionProtocol.swift; sourceTree = "<group>"; };
		E07E4C4225BC830300118F85 /* URLSessionNetworkClient.swift */ = {isa = PBXFileReference; lastKnownFileType = sourcecode.swift; path = URLSessionNetworkClient.swift; sourceTree = "<group>"; };
		E07E4C4725BC847100118F85 /* NetworkConstants.swift */ = {isa = PBXFileReference; lastKnownFileType = sourcecode.swift; path = NetworkConstants.swift; sourceTree = "<group>"; };
		E07E4C4C25BC86AE00118F85 /* URLRequest+AddHttpBody.swift */ = {isa = PBXFileReference; lastKnownFileType = sourcecode.swift; path = "URLRequest+AddHttpBody.swift"; sourceTree = "<group>"; };
		E07E4C5125BC877B00118F85 /* URLSessionNetworkClient+MultiPartRequest.swift */ = {isa = PBXFileReference; lastKnownFileType = sourcecode.swift; path = "URLSessionNetworkClient+MultiPartRequest.swift"; sourceTree = "<group>"; };
		E07E4C5625BC8BAE00118F85 /* URLSessionNetworkClient+NetworkClient.swift */ = {isa = PBXFileReference; lastKnownFileType = sourcecode.swift; path = "URLSessionNetworkClient+NetworkClient.swift"; sourceTree = "<group>"; };
		E07E4C5B25BC8CE200118F85 /* Data+MimeType.swift */ = {isa = PBXFileReference; lastKnownFileType = sourcecode.swift; path = "Data+MimeType.swift"; sourceTree = "<group>"; };
		E07E4C6025BC8D1B00118F85 /* Encodable+Encode.swift */ = {isa = PBXFileReference; lastKnownFileType = sourcecode.swift; path = "Encodable+Encode.swift"; sourceTree = "<group>"; };
		E07E4C7125BC8DFB00118F85 /* URLSessionNetworkManager.swift */ = {isa = PBXFileReference; lastKnownFileType = sourcecode.swift; path = URLSessionNetworkManager.swift; sourceTree = "<group>"; };
		E07E4C7625BC8F3B00118F85 /* URLSession+URLSessionProtocol.swift */ = {isa = PBXFileReference; lastKnownFileType = sourcecode.swift; path = "URLSession+URLSessionProtocol.swift"; sourceTree = "<group>"; };
		E07E4C7B25BC905900118F85 /* URLSessionTask+NetworkOperation.swift */ = {isa = PBXFileReference; lastKnownFileType = sourcecode.swift; path = "URLSessionTask+NetworkOperation.swift"; sourceTree = "<group>"; };
		E07E4C8025BC90D700118F85 /* NetworkError+Equatable.swift */ = {isa = PBXFileReference; lastKnownFileType = sourcecode.swift; path = "NetworkError+Equatable.swift"; sourceTree = "<group>"; };
		E07E4C8525BC919100118F85 /* NetworkClientProducer.swift */ = {isa = PBXFileReference; lastKnownFileType = sourcecode.swift; path = NetworkClientProducer.swift; sourceTree = "<group>"; };
		E07E4C8D25BC929C00118F85 /* RequestPerformable.swift */ = {isa = PBXFileReference; lastKnownFileType = sourcecode.swift; path = RequestPerformable.swift; sourceTree = "<group>"; };
		E07E4C9625BC930B00118F85 /* RequestResult.swift */ = {isa = PBXFileReference; lastKnownFileType = sourcecode.swift; path = RequestResult.swift; sourceTree = "<group>"; };
		E07E4C9B25BCA12900118F85 /* ResultModel.swift */ = {isa = PBXFileReference; lastKnownFileType = sourcecode.swift; path = ResultModel.swift; sourceTree = "<group>"; };
		E07E4CA025BCA39B00118F85 /* ImageDownloadResult.swift */ = {isa = PBXFileReference; lastKnownFileType = sourcecode.swift; path = ImageDownloadResult.swift; sourceTree = "<group>"; };
		E07E4CA525BCA44000118F85 /* KeyedDecodingContainer+Datatypes.swift */ = {isa = PBXFileReference; lastKnownFileType = sourcecode.swift; path = "KeyedDecodingContainer+Datatypes.swift"; sourceTree = "<group>"; };
		E07E4CAA25BCA56500118F85 /* EndPoints.swift */ = {isa = PBXFileReference; lastKnownFileType = sourcecode.swift; path = EndPoints.swift; sourceTree = "<group>"; };
		E07E4CB225BCA81500118F85 /* ItemsListService.swift */ = {isa = PBXFileReference; lastKnownFileType = sourcecode.swift; path = ItemsListService.swift; sourceTree = "<group>"; };
		E07E4DC425BD884600118F85 /* ItemsApiContractor.swift */ = {isa = PBXFileReference; lastKnownFileType = sourcecode.swift; path = ItemsApiContractor.swift; sourceTree = "<group>"; };
		E07E4DC925BD888400118F85 /* ItemsNetworkManager.swift */ = {isa = PBXFileReference; lastKnownFileType = sourcecode.swift; path = ItemsNetworkManager.swift; sourceTree = "<group>"; };
		E07E4DCE25BD8B0F00118F85 /* ItemsListModel.swift */ = {isa = PBXFileReference; lastKnownFileType = sourcecode.swift; path = ItemsListModel.swift; sourceTree = "<group>"; };
		E07E4DDC25BD8E3600118F85 /* ItemsListViewModel.swift */ = {isa = PBXFileReference; lastKnownFileType = sourcecode.swift; path = ItemsListViewModel.swift; sourceTree = "<group>"; };
		E07E4DE725BD965B00118F85 /* BaseViewModelProtocol.swift */ = {isa = PBXFileReference; lastKnownFileType = sourcecode.swift; path = BaseViewModelProtocol.swift; sourceTree = "<group>"; };
		E07E4DEC25BD96D000118F85 /* ViewError.swift */ = {isa = PBXFileReference; lastKnownFileType = sourcecode.swift; path = ViewError.swift; sourceTree = "<group>"; };
		E07E4DF125BD977E00118F85 /* ItemsListContractor.swift */ = {isa = PBXFileReference; lastKnownFileType = sourcecode.swift; path = ItemsListContractor.swift; sourceTree = "<group>"; };
		E07E4DF625BD988600118F85 /* BaseViewModel.swift */ = {isa = PBXFileReference; lastKnownFileType = sourcecode.swift; path = BaseViewModel.swift; sourceTree = "<group>"; };
		F886972B89FF1DA918D871A6 /* Pods-ListingIOS-ListingIOSUITests.release.xcconfig */ = {isa = PBXFileReference; includeInIndex = 1; lastKnownFileType = text.xcconfig; name = "Pods-ListingIOS-ListingIOSUITests.release.xcconfig"; path = "Target Support Files/Pods-ListingIOS-ListingIOSUITests/Pods-ListingIOS-ListingIOSUITests.release.xcconfig"; sourceTree = "<group>"; };
/* End PBXFileReference section */

/* Begin PBXFrameworksBuildPhase section */
		E045BDB125BC722100A58A58 /* Frameworks */ = {
			isa = PBXFrameworksBuildPhase;
			buildActionMask = 2147483647;
			files = (
				BC101EFA191490A0BAA621A6 /* Pods_ListingIOS.framework in Frameworks */,
			);
			runOnlyForDeploymentPostprocessing = 0;
		};
		E045BDC725BC722500A58A58 /* Frameworks */ = {
			isa = PBXFrameworksBuildPhase;
			buildActionMask = 2147483647;
			files = (
				AC2C553D74FC49BD23A61206 /* Pods_ListingIOSTests.framework in Frameworks */,
			);
			runOnlyForDeploymentPostprocessing = 0;
		};
		E045BDD225BC722500A58A58 /* Frameworks */ = {
			isa = PBXFrameworksBuildPhase;
			buildActionMask = 2147483647;
			files = (
				EB5EFD7F93A70767E4D5965A /* Pods_ListingIOS_ListingIOSUITests.framework in Frameworks */,
			);
			runOnlyForDeploymentPostprocessing = 0;
		};
/* End PBXFrameworksBuildPhase section */

/* Begin PBXGroup section */
		57B457E751833E79C314713E /* Pods */ = {
			isa = PBXGroup;
			children = (
				08351CABEB7D1D27C26DA83D /* Pods-ListingIOS.debug.xcconfig */,
				3B2E4EB53231344F7BE880EF /* Pods-ListingIOS.release.xcconfig */,
				82C80FD6F2D446FDBD7AECDB /* Pods-ListingIOS-ListingIOSUITests.debug.xcconfig */,
				F886972B89FF1DA918D871A6 /* Pods-ListingIOS-ListingIOSUITests.release.xcconfig */,
				11314522B960A9CC63E0B23D /* Pods-ListingIOSTests.debug.xcconfig */,
				CED069B8630AD828C850F435 /* Pods-ListingIOSTests.release.xcconfig */,
			);
			name = Pods;
			path = Pods;
			sourceTree = "<group>";
		};
		9B00D46CAFB4656AFD4EEDE5 /* Frameworks */ = {
			isa = PBXGroup;
			children = (
				8C1506969A45F77B0E7FDAAE /* Pods_ListingIOS.framework */,
				8F956B4BA912B7D3A664E807 /* Pods_ListingIOS_ListingIOSUITests.framework */,
				4B968E39B3FD2060FC3E1717 /* Pods_ListingIOSTests.framework */,
			);
			name = Frameworks;
			sourceTree = "<group>";
		};
		E045BDAB25BC722100A58A58 = {
			isa = PBXGroup;
			children = (
				E045BDB625BC722100A58A58 /* ListingIOS */,
				E045BDCD25BC722500A58A58 /* ListingIOSTests */,
				E045BDD825BC722500A58A58 /* ListingIOSUITests */,
				E045BDB525BC722100A58A58 /* Products */,
				57B457E751833E79C314713E /* Pods */,
				9B00D46CAFB4656AFD4EEDE5 /* Frameworks */,
			);
			sourceTree = "<group>";
		};
		E045BDB525BC722100A58A58 /* Products */ = {
			isa = PBXGroup;
			children = (
				E045BDB425BC722100A58A58 /* ListingIOS.app */,
				E045BDCA25BC722500A58A58 /* ListingIOSTests.xctest */,
				E045BDD525BC722500A58A58 /* ListingIOSUITests.xctest */,
			);
			name = Products;
			sourceTree = "<group>";
		};
		E045BDB625BC722100A58A58 /* ListingIOS */ = {
			isa = PBXGroup;
			children = (
				E045BDB725BC722100A58A58 /* AppDelegate.swift */,
				E045BDB925BC722100A58A58 /* SceneDelegate.swift */,
				E07E4DF125BD977E00118F85 /* ItemsListContractor.swift */,
				E07E4DDC25BD8E3600118F85 /* ItemsListViewModel.swift */,
				E07E4DD325BD8CBD00118F85 /* Model */,
				E045BDBB25BC722100A58A58 /* ViewController.swift */,
				E045BDBD25BC722100A58A58 /* Main.storyboard */,
				E045BDC025BC722500A58A58 /* Assets.xcassets */,
				E045BDC225BC722500A58A58 /* LaunchScreen.storyboard */,
				E045BDC525BC722500A58A58 /* Info.plist */,
				E07E4C3925BC81B200118F85 /* Network Client */,
				E07E4C9225BC92A800118F85 /* NetworkManager */,
				E07E4DE725BD965B00118F85 /* BaseViewModelProtocol.swift */,
				E07E4DF625BD988600118F85 /* BaseViewModel.swift */,
				E07E4DEC25BD96D000118F85 /* ViewError.swift */,
			);
			path = ListingIOS;
			sourceTree = "<group>";
		};
		E045BDCD25BC722500A58A58 /* ListingIOSTests */ = {
			isa = PBXGroup;
			children = (
				E045BDCE25BC722500A58A58 /* ListingIOSTests.swift */,
				E045BDD025BC722500A58A58 /* Info.plist */,
			);
			path = ListingIOSTests;
			sourceTree = "<group>";
		};
		E045BDD825BC722500A58A58 /* ListingIOSUITests */ = {
			isa = PBXGroup;
			children = (
				E045BDD925BC722500A58A58 /* ListingIOSUITests.swift */,
				E045BDDB25BC722500A58A58 /* Info.plist */,
			);
			path = ListingIOSUITests;
			sourceTree = "<group>";
		};
		E07E4C3925BC81B200118F85 /* Network Client */ = {
			isa = PBXGroup;
			children = (
				E07E4C3425BC7D7F00118F85 /* NetworkClient.swift */,
				E07E4C7125BC8DFB00118F85 /* URLSessionNetworkManager.swift */,
				E07E4C6925BC8D7500118F85 /* Clients */,
				E07E4C6525BC8D3D00118F85 /* Foundation */,
				E07E4C8525BC919100118F85 /* NetworkClientProducer.swift */,
			);
			path = "Network Client";
			sourceTree = "<group>";
		};
		E07E4C6525BC8D3D00118F85 /* Foundation */ = {
			isa = PBXGroup;
			children = (
				E07E4C8025BC90D700118F85 /* NetworkError+Equatable.swift */,
				E07E4C4725BC847100118F85 /* NetworkConstants.swift */,
				E07E4C5B25BC8CE200118F85 /* Data+MimeType.swift */,
				E07E4C6025BC8D1B00118F85 /* Encodable+Encode.swift */,
				E07E4CA525BCA44000118F85 /* KeyedDecodingContainer+Datatypes.swift */,
			);
			path = Foundation;
			sourceTree = "<group>";
		};
		E07E4C6925BC8D7500118F85 /* Clients */ = {
			isa = PBXGroup;
			children = (
				E07E4C4225BC830300118F85 /* URLSessionNetworkClient.swift */,
				E07E4C6D25BC8D8800118F85 /* URLSession */,
			);
			path = Clients;
			sourceTree = "<group>";
		};
		E07E4C6D25BC8D8800118F85 /* URLSession */ = {
			isa = PBXGroup;
			children = (
				E07E4C3D25BC81F800118F85 /* URLSessionProtocol.swift */,
				E07E4C4C25BC86AE00118F85 /* URLRequest+AddHttpBody.swift */,
				E07E4C5125BC877B00118F85 /* URLSessionNetworkClient+MultiPartRequest.swift */,
				E07E4C5625BC8BAE00118F85 /* URLSessionNetworkClient+NetworkClient.swift */,
				E07E4C7625BC8F3B00118F85 /* URLSession+URLSessionProtocol.swift */,
				E07E4C7B25BC905900118F85 /* URLSessionTask+NetworkOperation.swift */,
			);
			path = URLSession;
			sourceTree = "<group>";
		};
		E07E4C9225BC92A800118F85 /* NetworkManager */ = {
			isa = PBXGroup;
			children = (
				E07E4C8D25BC929C00118F85 /* RequestPerformable.swift */,
				E07E4C9625BC930B00118F85 /* RequestResult.swift */,
				E07E4CA025BCA39B00118F85 /* ImageDownloadResult.swift */,
				E07E4CAA25BCA56500118F85 /* EndPoints.swift */,
				E07E4CB225BCA81500118F85 /* ItemsListService.swift */,
				E07E4DC425BD884600118F85 /* ItemsApiContractor.swift */,
				E07E4DC925BD888400118F85 /* ItemsNetworkManager.swift */,
			);
			path = NetworkManager;
			sourceTree = "<group>";
		};
		E07E4DD325BD8CBD00118F85 /* Model */ = {
			isa = PBXGroup;
			children = (
				E07E4C9B25BCA12900118F85 /* ResultModel.swift */,
				E07E4DCE25BD8B0F00118F85 /* ItemsListModel.swift */,
			);
			path = Model;
			sourceTree = "<group>";
		};
/* End PBXGroup section */

/* Begin PBXNativeTarget section */
		E045BDB325BC722100A58A58 /* ListingIOS */ = {
			isa = PBXNativeTarget;
			buildConfigurationList = E045BDDE25BC722500A58A58 /* Build configuration list for PBXNativeTarget "ListingIOS" */;
			buildPhases = (
				EC50F23501F99203D6D32957 /* [CP] Check Pods Manifest.lock */,
				E045BDB025BC722100A58A58 /* Sources */,
				E045BDB125BC722100A58A58 /* Frameworks */,
				E045BDB225BC722100A58A58 /* Resources */,
				7960C2E0C4A0E1DD0EC87C4B /* [CP] Embed Pods Frameworks */,
			);
			buildRules = (
			);
			dependencies = (
			);
			name = ListingIOS;
			productName = ListingIOS;
			productReference = E045BDB425BC722100A58A58 /* ListingIOS.app */;
			productType = "com.apple.product-type.application";
		};
		E045BDC925BC722500A58A58 /* ListingIOSTests */ = {
			isa = PBXNativeTarget;
			buildConfigurationList = E045BDE125BC722500A58A58 /* Build configuration list for PBXNativeTarget "ListingIOSTests" */;
			buildPhases = (
				2314A31757BD65FE011234F2 /* [CP] Check Pods Manifest.lock */,
				E045BDC625BC722500A58A58 /* Sources */,
				E045BDC725BC722500A58A58 /* Frameworks */,
				E045BDC825BC722500A58A58 /* Resources */,
			);
			buildRules = (
			);
			dependencies = (
				E045BDCC25BC722500A58A58 /* PBXTargetDependency */,
			);
			name = ListingIOSTests;
			productName = ListingIOSTests;
			productReference = E045BDCA25BC722500A58A58 /* ListingIOSTests.xctest */;
			productType = "com.apple.product-type.bundle.unit-test";
		};
		E045BDD425BC722500A58A58 /* ListingIOSUITests */ = {
			isa = PBXNativeTarget;
			buildConfigurationList = E045BDE425BC722500A58A58 /* Build configuration list for PBXNativeTarget "ListingIOSUITests" */;
			buildPhases = (
				C5A20A94E168D30ED3587B02 /* [CP] Check Pods Manifest.lock */,
				E045BDD125BC722500A58A58 /* Sources */,
				E045BDD225BC722500A58A58 /* Frameworks */,
				E045BDD325BC722500A58A58 /* Resources */,
				BEF0233B86940E8B9B4D9BCD /* [CP] Embed Pods Frameworks */,
			);
			buildRules = (
			);
			dependencies = (
				E045BDD725BC722500A58A58 /* PBXTargetDependency */,
			);
			name = ListingIOSUITests;
			productName = ListingIOSUITests;
			productReference = E045BDD525BC722500A58A58 /* ListingIOSUITests.xctest */;
			productType = "com.apple.product-type.bundle.ui-testing";
		};
/* End PBXNativeTarget section */

/* Begin PBXProject section */
		E045BDAC25BC722100A58A58 /* Project object */ = {
			isa = PBXProject;
			attributes = {
				LastSwiftUpdateCheck = 1170;
				LastUpgradeCheck = 1220;
				ORGANIZATIONNAME = "Ahmed Kotb";
				TargetAttributes = {
					E045BDB325BC722100A58A58 = {
						CreatedOnToolsVersion = 11.7;
					};
					E045BDC925BC722500A58A58 = {
						CreatedOnToolsVersion = 11.7;
						TestTargetID = E045BDB325BC722100A58A58;
					};
					E045BDD425BC722500A58A58 = {
						CreatedOnToolsVersion = 11.7;
						TestTargetID = E045BDB325BC722100A58A58;
					};
				};
			};
			buildConfigurationList = E045BDAF25BC722100A58A58 /* Build configuration list for PBXProject "ListingIOS" */;
			compatibilityVersion = "Xcode 9.3";
			developmentRegion = en;
			hasScannedForEncodings = 0;
			knownRegions = (
				en,
				Base,
			);
			mainGroup = E045BDAB25BC722100A58A58;
			productRefGroup = E045BDB525BC722100A58A58 /* Products */;
			projectDirPath = "";
			projectRoot = "";
			targets = (
				E045BDB325BC722100A58A58 /* ListingIOS */,
				E045BDC925BC722500A58A58 /* ListingIOSTests */,
				E045BDD425BC722500A58A58 /* ListingIOSUITests */,
			);
		};
/* End PBXProject section */

/* Begin PBXResourcesBuildPhase section */
		E045BDB225BC722100A58A58 /* Resources */ = {
			isa = PBXResourcesBuildPhase;
			buildActionMask = 2147483647;
			files = (
				E045BDC425BC722500A58A58 /* LaunchScreen.storyboard in Resources */,
				E045BDC125BC722500A58A58 /* Assets.xcassets in Resources */,
				E045BDBF25BC722100A58A58 /* Main.storyboard in Resources */,
			);
			runOnlyForDeploymentPostprocessing = 0;
		};
		E045BDC825BC722500A58A58 /* Resources */ = {
			isa = PBXResourcesBuildPhase;
			buildActionMask = 2147483647;
			files = (
			);
			runOnlyForDeploymentPostprocessing = 0;
		};
		E045BDD325BC722500A58A58 /* Resources */ = {
			isa = PBXResourcesBuildPhase;
			buildActionMask = 2147483647;
			files = (
			);
			runOnlyForDeploymentPostprocessing = 0;
		};
/* End PBXResourcesBuildPhase section */

/* Begin PBXShellScriptBuildPhase section */
		2314A31757BD65FE011234F2 /* [CP] Check Pods Manifest.lock */ = {
			isa = PBXShellScriptBuildPhase;
			buildActionMask = 2147483647;
			files = (
			);
			inputFileListPaths = (
			);
			inputPaths = (
				"${PODS_PODFILE_DIR_PATH}/Podfile.lock",
				"${PODS_ROOT}/Manifest.lock",
			);
			name = "[CP] Check Pods Manifest.lock";
			outputFileListPaths = (
			);
			outputPaths = (
				"$(DERIVED_FILE_DIR)/Pods-ListingIOSTests-checkManifestLockResult.txt",
			);
			runOnlyForDeploymentPostprocessing = 0;
			shellPath = /bin/sh;
			shellScript = "diff \"${PODS_PODFILE_DIR_PATH}/Podfile.lock\" \"${PODS_ROOT}/Manifest.lock\" > /dev/null\nif [ $? != 0 ] ; then\n    # print error to STDERR\n    echo \"error: The sandbox is not in sync with the Podfile.lock. Run 'pod install' or update your CocoaPods installation.\" >&2\n    exit 1\nfi\n# This output is used by Xcode 'outputs' to avoid re-running this script phase.\necho \"SUCCESS\" > \"${SCRIPT_OUTPUT_FILE_0}\"\n";
			showEnvVarsInLog = 0;
		};
		7960C2E0C4A0E1DD0EC87C4B /* [CP] Embed Pods Frameworks */ = {
			isa = PBXShellScriptBuildPhase;
			buildActionMask = 2147483647;
			files = (
			);
			inputFileListPaths = (
				"${PODS_ROOT}/Target Support Files/Pods-ListingIOS/Pods-ListingIOS-frameworks-${CONFIGURATION}-input-files.xcfilelist",
			);
			name = "[CP] Embed Pods Frameworks";
			outputFileListPaths = (
				"${PODS_ROOT}/Target Support Files/Pods-ListingIOS/Pods-ListingIOS-frameworks-${CONFIGURATION}-output-files.xcfilelist",
			);
			runOnlyForDeploymentPostprocessing = 0;
			shellPath = /bin/sh;
			shellScript = "\"${PODS_ROOT}/Target Support Files/Pods-ListingIOS/Pods-ListingIOS-frameworks.sh\"\n";
			showEnvVarsInLog = 0;
		};
		BEF0233B86940E8B9B4D9BCD /* [CP] Embed Pods Frameworks */ = {
			isa = PBXShellScriptBuildPhase;
			buildActionMask = 2147483647;
			files = (
			);
			inputFileListPaths = (
				"${PODS_ROOT}/Target Support Files/Pods-ListingIOS-ListingIOSUITests/Pods-ListingIOS-ListingIOSUITests-frameworks-${CONFIGURATION}-input-files.xcfilelist",
			);
			name = "[CP] Embed Pods Frameworks";
			outputFileListPaths = (
				"${PODS_ROOT}/Target Support Files/Pods-ListingIOS-ListingIOSUITests/Pods-ListingIOS-ListingIOSUITests-frameworks-${CONFIGURATION}-output-files.xcfilelist",
			);
			runOnlyForDeploymentPostprocessing = 0;
			shellPath = /bin/sh;
			shellScript = "\"${PODS_ROOT}/Target Support Files/Pods-ListingIOS-ListingIOSUITests/Pods-ListingIOS-ListingIOSUITests-frameworks.sh\"\n";
			showEnvVarsInLog = 0;
		};
		C5A20A94E168D30ED3587B02 /* [CP] Check Pods Manifest.lock */ = {
			isa = PBXShellScriptBuildPhase;
			buildActionMask = 2147483647;
			files = (
			);
			inputFileListPaths = (
			);
			inputPaths = (
				"${PODS_PODFILE_DIR_PATH}/Podfile.lock",
				"${PODS_ROOT}/Manifest.lock",
			);
			name = "[CP] Check Pods Manifest.lock";
			outputFileListPaths = (
			);
			outputPaths = (
				"$(DERIVED_FILE_DIR)/Pods-ListingIOS-ListingIOSUITests-checkManifestLockResult.txt",
			);
			runOnlyForDeploymentPostprocessing = 0;
			shellPath = /bin/sh;
			shellScript = "diff \"${PODS_PODFILE_DIR_PATH}/Podfile.lock\" \"${PODS_ROOT}/Manifest.lock\" > /dev/null\nif [ $? != 0 ] ; then\n    # print error to STDERR\n    echo \"error: The sandbox is not in sync with the Podfile.lock. Run 'pod install' or update your CocoaPods installation.\" >&2\n    exit 1\nfi\n# This output is used by Xcode 'outputs' to avoid re-running this script phase.\necho \"SUCCESS\" > \"${SCRIPT_OUTPUT_FILE_0}\"\n";
			showEnvVarsInLog = 0;
		};
		EC50F23501F99203D6D32957 /* [CP] Check Pods Manifest.lock */ = {
			isa = PBXShellScriptBuildPhase;
			buildActionMask = 2147483647;
			files = (
			);
			inputFileListPaths = (
			);
			inputPaths = (
				"${PODS_PODFILE_DIR_PATH}/Podfile.lock",
				"${PODS_ROOT}/Manifest.lock",
			);
			name = "[CP] Check Pods Manifest.lock";
			outputFileListPaths = (
			);
			outputPaths = (
				"$(DERIVED_FILE_DIR)/Pods-ListingIOS-checkManifestLockResult.txt",
			);
			runOnlyForDeploymentPostprocessing = 0;
			shellPath = /bin/sh;
			shellScript = "diff \"${PODS_PODFILE_DIR_PATH}/Podfile.lock\" \"${PODS_ROOT}/Manifest.lock\" > /dev/null\nif [ $? != 0 ] ; then\n    # print error to STDERR\n    echo \"error: The sandbox is not in sync with the Podfile.lock. Run 'pod install' or update your CocoaPods installation.\" >&2\n    exit 1\nfi\n# This output is used by Xcode 'outputs' to avoid re-running this script phase.\necho \"SUCCESS\" > \"${SCRIPT_OUTPUT_FILE_0}\"\n";
			showEnvVarsInLog = 0;
		};
/* End PBXShellScriptBuildPhase section */

/* Begin PBXSourcesBuildPhase section */
		E045BDB025BC722100A58A58 /* Sources */ = {
			isa = PBXSourcesBuildPhase;
			buildActionMask = 2147483647;
			files = (
				E07E4C4825BC847100118F85 /* NetworkConstants.swift in Sources */,
				E07E4C3E25BC81F800118F85 /* URLSessionProtocol.swift in Sources */,
				E07E4C9725BC930B00118F85 /* RequestResult.swift in Sources */,
				E045BDBC25BC722100A58A58 /* ViewController.swift in Sources */,
				E07E4C6125BC8D1B00118F85 /* Encodable+Encode.swift in Sources */,
				E07E4DF225BD977E00118F85 /* ItemsListContractor.swift in Sources */,
				E07E4CA125BCA39B00118F85 /* ImageDownloadResult.swift in Sources */,
				E07E4DE825BD965B00118F85 /* BaseViewModelProtocol.swift in Sources */,
				E07E4C5225BC877B00118F85 /* URLSessionNetworkClient+MultiPartRequest.swift in Sources */,
				E07E4CA625BCA44000118F85 /* KeyedDecodingContainer+Datatypes.swift in Sources */,
				E07E4CB325BCA81500118F85 /* ItemsListService.swift in Sources */,
				E07E4C5725BC8BAE00118F85 /* URLSessionNetworkClient+NetworkClient.swift in Sources */,
				E07E4DC525BD884700118F85 /* ItemsApiContractor.swift in Sources */,
				E07E4C8625BC919100118F85 /* NetworkClientProducer.swift in Sources */,
				E07E4DCF25BD8B0F00118F85 /* ItemsListModel.swift in Sources */,
				E07E4C9C25BCA12900118F85 /* ResultModel.swift in Sources */,
				E07E4DCA25BD888400118F85 /* ItemsNetworkManager.swift in Sources */,
				E045BDB825BC722100A58A58 /* AppDelegate.swift in Sources */,
				E07E4C7725BC8F3B00118F85 /* URLSession+URLSessionProtocol.swift in Sources */,
				E07E4C5C25BC8CE200118F85 /* Data+MimeType.swift in Sources */,
				E07E4DED25BD96D000118F85 /* ViewError.swift in Sources */,
				E07E4DF725BD988600118F85 /* BaseViewModel.swift in Sources */,
				E07E4C7225BC8DFB00118F85 /* URLSessionNetworkManager.swift in Sources */,
				E07E4C8125BC90D700118F85 /* NetworkError+Equatable.swift in Sources */,
				E045BDBA25BC722100A58A58 /* SceneDelegate.swift in Sources */,
				E07E4DDD25BD8E3600118F85 /* ItemsListViewModel.swift in Sources */,
				E07E4CAB25BCA56500118F85 /* EndPoints.swift in Sources */,
				E07E4C8E25BC929C00118F85 /* RequestPerformable.swift in Sources */,
				E07E4C4D25BC86AE00118F85 /* URLRequest+AddHttpBody.swift in Sources */,
				E07E4C7C25BC905900118F85 /* URLSessionTask+NetworkOperation.swift in Sources */,
				E07E4C4325BC830300118F85 /* URLSessionNetworkClient.swift in Sources */,
				E07E4C3525BC7D7F00118F85 /* NetworkClient.swift in Sources */,
			);
			runOnlyForDeploymentPostprocessing = 0;
		};
		E045BDC625BC722500A58A58 /* Sources */ = {
			isa = PBXSourcesBuildPhase;
			buildActionMask = 2147483647;
			files = (
				E045BDCF25BC722500A58A58 /* ListingIOSTests.swift in Sources */,
			);
			runOnlyForDeploymentPostprocessing = 0;
		};
		E045BDD125BC722500A58A58 /* Sources */ = {
			isa = PBXSourcesBuildPhase;
			buildActionMask = 2147483647;
			files = (
				E045BDDA25BC722500A58A58 /* ListingIOSUITests.swift in Sources */,
			);
			runOnlyForDeploymentPostprocessing = 0;
		};
/* End PBXSourcesBuildPhase section */

/* Begin PBXTargetDependency section */
		E045BDCC25BC722500A58A58 /* PBXTargetDependency */ = {
			isa = PBXTargetDependency;
			target = E045BDB325BC722100A58A58 /* ListingIOS */;
			targetProxy = E045BDCB25BC722500A58A58 /* PBXContainerItemProxy */;
		};
		E045BDD725BC722500A58A58 /* PBXTargetDependency */ = {
			isa = PBXTargetDependency;
			target = E045BDB325BC722100A58A58 /* ListingIOS */;
			targetProxy = E045BDD625BC722500A58A58 /* PBXContainerItemProxy */;
		};
/* End PBXTargetDependency section */

/* Begin PBXVariantGroup section */
		E045BDBD25BC722100A58A58 /* Main.storyboard */ = {
			isa = PBXVariantGroup;
			children = (
				E045BDBE25BC722100A58A58 /* Base */,
			);
			name = Main.storyboard;
			sourceTree = "<group>";
		};
		E045BDC225BC722500A58A58 /* LaunchScreen.storyboard */ = {
			isa = PBXVariantGroup;
			children = (
				E045BDC325BC722500A58A58 /* Base */,
			);
			name = LaunchScreen.storyboard;
			sourceTree = "<group>";
		};
/* End PBXVariantGroup section */

/* Begin XCBuildConfiguration section */
		E045BDDC25BC722500A58A58 /* Debug */ = {
			isa = XCBuildConfiguration;
			buildSettings = {
				ALWAYS_SEARCH_USER_PATHS = NO;
				CLANG_ANALYZER_NONNULL = YES;
				CLANG_ANALYZER_NUMBER_OBJECT_CONVERSION = YES_AGGRESSIVE;
				CLANG_CXX_LANGUAGE_STANDARD = "gnu++14";
				CLANG_CXX_LIBRARY = "libc++";
				CLANG_ENABLE_MODULES = YES;
				CLANG_ENABLE_OBJC_ARC = YES;
				CLANG_ENABLE_OBJC_WEAK = YES;
				CLANG_WARN_BLOCK_CAPTURE_AUTORELEASING = YES;
				CLANG_WARN_BOOL_CONVERSION = YES;
				CLANG_WARN_COMMA = YES;
				CLANG_WARN_CONSTANT_CONVERSION = YES;
				CLANG_WARN_DEPRECATED_OBJC_IMPLEMENTATIONS = YES;
				CLANG_WARN_DIRECT_OBJC_ISA_USAGE = YES_ERROR;
				CLANG_WARN_DOCUMENTATION_COMMENTS = YES;
				CLANG_WARN_EMPTY_BODY = YES;
				CLANG_WARN_ENUM_CONVERSION = YES;
				CLANG_WARN_INFINITE_RECURSION = YES;
				CLANG_WARN_INT_CONVERSION = YES;
				CLANG_WARN_NON_LITERAL_NULL_CONVERSION = YES;
				CLANG_WARN_OBJC_IMPLICIT_RETAIN_SELF = YES;
				CLANG_WARN_OBJC_LITERAL_CONVERSION = YES;
				CLANG_WARN_OBJC_ROOT_CLASS = YES_ERROR;
				CLANG_WARN_QUOTED_INCLUDE_IN_FRAMEWORK_HEADER = YES;
				CLANG_WARN_RANGE_LOOP_ANALYSIS = YES;
				CLANG_WARN_STRICT_PROTOTYPES = YES;
				CLANG_WARN_SUSPICIOUS_MOVE = YES;
				CLANG_WARN_UNGUARDED_AVAILABILITY = YES_AGGRESSIVE;
				CLANG_WARN_UNREACHABLE_CODE = YES;
				CLANG_WARN__DUPLICATE_METHOD_MATCH = YES;
				COPY_PHASE_STRIP = NO;
				DEBUG_INFORMATION_FORMAT = dwarf;
				ENABLE_STRICT_OBJC_MSGSEND = YES;
				ENABLE_TESTABILITY = YES;
				GCC_C_LANGUAGE_STANDARD = gnu11;
				GCC_DYNAMIC_NO_PIC = NO;
				GCC_NO_COMMON_BLOCKS = YES;
				GCC_OPTIMIZATION_LEVEL = 0;
				GCC_PREPROCESSOR_DEFINITIONS = (
					"DEBUG=1",
					"$(inherited)",
				);
				GCC_WARN_64_TO_32_BIT_CONVERSION = YES;
				GCC_WARN_ABOUT_RETURN_TYPE = YES_ERROR;
				GCC_WARN_UNDECLARED_SELECTOR = YES;
				GCC_WARN_UNINITIALIZED_AUTOS = YES_AGGRESSIVE;
				GCC_WARN_UNUSED_FUNCTION = YES;
				GCC_WARN_UNUSED_VARIABLE = YES;
				IPHONEOS_DEPLOYMENT_TARGET = 13.7;
				MTL_ENABLE_DEBUG_INFO = INCLUDE_SOURCE;
				MTL_FAST_MATH = YES;
				ONLY_ACTIVE_ARCH = YES;
				SDKROOT = iphoneos;
				SWIFT_ACTIVE_COMPILATION_CONDITIONS = DEBUG;
				SWIFT_OPTIMIZATION_LEVEL = "-Onone";
			};
			name = Debug;
		};
		E045BDDD25BC722500A58A58 /* Release */ = {
			isa = XCBuildConfiguration;
			buildSettings = {
				ALWAYS_SEARCH_USER_PATHS = NO;
				CLANG_ANALYZER_NONNULL = YES;
				CLANG_ANALYZER_NUMBER_OBJECT_CONVERSION = YES_AGGRESSIVE;
				CLANG_CXX_LANGUAGE_STANDARD = "gnu++14";
				CLANG_CXX_LIBRARY = "libc++";
				CLANG_ENABLE_MODULES = YES;
				CLANG_ENABLE_OBJC_ARC = YES;
				CLANG_ENABLE_OBJC_WEAK = YES;
				CLANG_WARN_BLOCK_CAPTURE_AUTORELEASING = YES;
				CLANG_WARN_BOOL_CONVERSION = YES;
				CLANG_WARN_COMMA = YES;
				CLANG_WARN_CONSTANT_CONVERSION = YES;
				CLANG_WARN_DEPRECATED_OBJC_IMPLEMENTATIONS = YES;
				CLANG_WARN_DIRECT_OBJC_ISA_USAGE = YES_ERROR;
				CLANG_WARN_DOCUMENTATION_COMMENTS = YES;
				CLANG_WARN_EMPTY_BODY = YES;
				CLANG_WARN_ENUM_CONVERSION = YES;
				CLANG_WARN_INFINITE_RECURSION = YES;
				CLANG_WARN_INT_CONVERSION = YES;
				CLANG_WARN_NON_LITERAL_NULL_CONVERSION = YES;
				CLANG_WARN_OBJC_IMPLICIT_RETAIN_SELF = YES;
				CLANG_WARN_OBJC_LITERAL_CONVERSION = YES;
				CLANG_WARN_OBJC_ROOT_CLASS = YES_ERROR;
				CLANG_WARN_QUOTED_INCLUDE_IN_FRAMEWORK_HEADER = YES;
				CLANG_WARN_RANGE_LOOP_ANALYSIS = YES;
				CLANG_WARN_STRICT_PROTOTYPES = YES;
				CLANG_WARN_SUSPICIOUS_MOVE = YES;
				CLANG_WARN_UNGUARDED_AVAILABILITY = YES_AGGRESSIVE;
				CLANG_WARN_UNREACHABLE_CODE = YES;
				CLANG_WARN__DUPLICATE_METHOD_MATCH = YES;
				COPY_PHASE_STRIP = NO;
				DEBUG_INFORMATION_FORMAT = "dwarf-with-dsym";
				ENABLE_NS_ASSERTIONS = NO;
				ENABLE_STRICT_OBJC_MSGSEND = YES;
				GCC_C_LANGUAGE_STANDARD = gnu11;
				GCC_NO_COMMON_BLOCKS = YES;
				GCC_WARN_64_TO_32_BIT_CONVERSION = YES;
				GCC_WARN_ABOUT_RETURN_TYPE = YES_ERROR;
				GCC_WARN_UNDECLARED_SELECTOR = YES;
				GCC_WARN_UNINITIALIZED_AUTOS = YES_AGGRESSIVE;
				GCC_WARN_UNUSED_FUNCTION = YES;
				GCC_WARN_UNUSED_VARIABLE = YES;
				IPHONEOS_DEPLOYMENT_TARGET = 13.7;
				MTL_ENABLE_DEBUG_INFO = NO;
				MTL_FAST_MATH = YES;
				SDKROOT = iphoneos;
				SWIFT_COMPILATION_MODE = wholemodule;
				SWIFT_OPTIMIZATION_LEVEL = "-O";
				VALIDATE_PRODUCT = YES;
			};
			name = Release;
		};
		E045BDDF25BC722500A58A58 /* Debug */ = {
			isa = XCBuildConfiguration;
			baseConfigurationReference = 08351CABEB7D1D27C26DA83D /* Pods-ListingIOS.debug.xcconfig */;
			buildSettings = {
				ASSETCATALOG_COMPILER_APPICON_NAME = AppIcon;
				CODE_SIGN_STYLE = Automatic;
				INFOPLIST_FILE = ListingIOS/Info.plist;
				LD_RUNPATH_SEARCH_PATHS = (
					"$(inherited)",
					"@executable_path/Frameworks",
				);
				PRODUCT_BUNDLE_IDENTIFIER = com.kotb.ListingIOS;
				PRODUCT_NAME = "$(TARGET_NAME)";
				SWIFT_VERSION = 5.0;
				TARGETED_DEVICE_FAMILY = 1;
			};
			name = Debug;
		};
		E045BDE025BC722500A58A58 /* Release */ = {
			isa = XCBuildConfiguration;
			baseConfigurationReference = 3B2E4EB53231344F7BE880EF /* Pods-ListingIOS.release.xcconfig */;
			buildSettings = {
				ASSETCATALOG_COMPILER_APPICON_NAME = AppIcon;
				CODE_SIGN_STYLE = Automatic;
				INFOPLIST_FILE = ListingIOS/Info.plist;
				LD_RUNPATH_SEARCH_PATHS = (
					"$(inherited)",
					"@executable_path/Frameworks",
				);
				PRODUCT_BUNDLE_IDENTIFIER = com.kotb.ListingIOS;
				PRODUCT_NAME = "$(TARGET_NAME)";
				SWIFT_VERSION = 5.0;
				TARGETED_DEVICE_FAMILY = 1;
			};
			name = Release;
		};
		E045BDE225BC722500A58A58 /* Debug */ = {
			isa = XCBuildConfiguration;
			baseConfigurationReference = 11314522B960A9CC63E0B23D /* Pods-ListingIOSTests.debug.xcconfig */;
			buildSettings = {
				ALWAYS_EMBED_SWIFT_STANDARD_LIBRARIES = YES;
				BUNDLE_LOADER = "$(TEST_HOST)";
				CODE_SIGN_STYLE = Automatic;
				INFOPLIST_FILE = ListingIOSTests/Info.plist;
				IPHONEOS_DEPLOYMENT_TARGET = 13.7;
				LD_RUNPATH_SEARCH_PATHS = (
					"$(inherited)",
					"@executable_path/Frameworks",
					"@loader_path/Frameworks",
				);
				PRODUCT_BUNDLE_IDENTIFIER = com.kotb.ListingIOSTests;
				PRODUCT_NAME = "$(TARGET_NAME)";
				SWIFT_VERSION = 5.0;
				TARGETED_DEVICE_FAMILY = "1,2";
				TEST_HOST = "$(BUILT_PRODUCTS_DIR)/ListingIOS.app/ListingIOS";
			};
			name = Debug;
		};
		E045BDE325BC722500A58A58 /* Release */ = {
			isa = XCBuildConfiguration;
			baseConfigurationReference = CED069B8630AD828C850F435 /* Pods-ListingIOSTests.release.xcconfig */;
			buildSettings = {
				ALWAYS_EMBED_SWIFT_STANDARD_LIBRARIES = YES;
				BUNDLE_LOADER = "$(TEST_HOST)";
				CODE_SIGN_STYLE = Automatic;
				INFOPLIST_FILE = ListingIOSTests/Info.plist;
				IPHONEOS_DEPLOYMENT_TARGET = 13.7;
				LD_RUNPATH_SEARCH_PATHS = (
					"$(inherited)",
					"@executable_path/Frameworks",
					"@loader_path/Frameworks",
				);
				PRODUCT_BUNDLE_IDENTIFIER = com.kotb.ListingIOSTests;
				PRODUCT_NAME = "$(TARGET_NAME)";
				SWIFT_VERSION = 5.0;
				TARGETED_DEVICE_FAMILY = "1,2";
				TEST_HOST = "$(BUILT_PRODUCTS_DIR)/ListingIOS.app/ListingIOS";
			};
			name = Release;
		};
		E045BDE525BC722500A58A58 /* Debug */ = {
			isa = XCBuildConfiguration;
			baseConfigurationReference = 82C80FD6F2D446FDBD7AECDB /* Pods-ListingIOS-ListingIOSUITests.debug.xcconfig */;
			buildSettings = {
				ALWAYS_EMBED_SWIFT_STANDARD_LIBRARIES = YES;
				CODE_SIGN_STYLE = Automatic;
				INFOPLIST_FILE = ListingIOSUITests/Info.plist;
				LD_RUNPATH_SEARCH_PATHS = (
					"$(inherited)",
					"@executable_path/Frameworks",
					"@loader_path/Frameworks",
				);
				PRODUCT_BUNDLE_IDENTIFIER = com.kotb.ListingIOSUITests;
				PRODUCT_NAME = "$(TARGET_NAME)";
				SWIFT_VERSION = 5.0;
				TARGETED_DEVICE_FAMILY = "1,2";
				TEST_TARGET_NAME = ListingIOS;
			};
			name = Debug;
		};
		E045BDE625BC722500A58A58 /* Release */ = {
			isa = XCBuildConfiguration;
			baseConfigurationReference = F886972B89FF1DA918D871A6 /* Pods-ListingIOS-ListingIOSUITests.release.xcconfig */;
			buildSettings = {
				ALWAYS_EMBED_SWIFT_STANDARD_LIBRARIES = YES;
				CODE_SIGN_STYLE = Automatic;
				INFOPLIST_FILE = ListingIOSUITests/Info.plist;
				LD_RUNPATH_SEARCH_PATHS = (
					"$(inherited)",
					"@executable_path/Frameworks",
					"@loader_path/Frameworks",
				);
				PRODUCT_BUNDLE_IDENTIFIER = com.kotb.ListingIOSUITests;
				PRODUCT_NAME = "$(TARGET_NAME)";
				SWIFT_VERSION = 5.0;
				TARGETED_DEVICE_FAMILY = "1,2";
				TEST_TARGET_NAME = ListingIOS;
			};
			name = Release;
		};
/* End XCBuildConfiguration section */

/* Begin XCConfigurationList section */
		E045BDAF25BC722100A58A58 /* Build configuration list for PBXProject "ListingIOS" */ = {
			isa = XCConfigurationList;
			buildConfigurations = (
				E045BDDC25BC722500A58A58 /* Debug */,
				E045BDDD25BC722500A58A58 /* Release */,
			);
			defaultConfigurationIsVisible = 0;
			defaultConfigurationName = Release;
		};
		E045BDDE25BC722500A58A58 /* Build configuration list for PBXNativeTarget "ListingIOS" */ = {
			isa = XCConfigurationList;
			buildConfigurations = (
				E045BDDF25BC722500A58A58 /* Debug */,
				E045BDE025BC722500A58A58 /* Release */,
			);
			defaultConfigurationIsVisible = 0;
			defaultConfigurationName = Release;
		};
		E045BDE125BC722500A58A58 /* Build configuration list for PBXNativeTarget "ListingIOSTests" */ = {
			isa = XCConfigurationList;
			buildConfigurations = (
				E045BDE225BC722500A58A58 /* Debug */,
				E045BDE325BC722500A58A58 /* Release */,
			);
			defaultConfigurationIsVisible = 0;
			defaultConfigurationName = Release;
		};
		E045BDE425BC722500A58A58 /* Build configuration list for PBXNativeTarget "ListingIOSUITests" */ = {
			isa = XCConfigurationList;
			buildConfigurations = (
				E045BDE525BC722500A58A58 /* Debug */,
				E045BDE625BC722500A58A58 /* Release */,
			);
			defaultConfigurationIsVisible = 0;
			defaultConfigurationName = Release;
		};
/* End XCConfigurationList section */
	};
	rootObject = E045BDAC25BC722100A58A58 /* Project object */;
}
